// !$*UTF8*$!
{
	archiveVersion = 1;
	classes = {
	};
	objectVersion = 50;
	objects = {

/* Begin PBXBuildFile section */
		222DDF1D44EB8DF875A1A47B /* Pods_Wearvelop.framework in Frameworks */ = {isa = PBXBuildFile; fileRef = D11E3C0FA513B778B8621DE7 /* Pods_Wearvelop.framework */; };
		F915A9C322347DE90002C8A6 /* Exermote.mlmodel in Sources */ = {isa = PBXBuildFile; fileRef = F915A9C222347DE90002C8A6 /* Exermote.mlmodel */; };
		F92D9AC02245CDDE00EDC85C /* AppDelegate.swift in Sources */ = {isa = PBXBuildFile; fileRef = F92D9A722245CDDD00EDC85C /* AppDelegate.swift */; };
		F92D9AC12245CDDE00EDC85C /* StorageManager.swift in Sources */ = {isa = PBXBuildFile; fileRef = F92D9A752245CDDE00EDC85C /* StorageManager.swift */; };
		F92D9AC22245CDDE00EDC85C /* Project.swift in Sources */ = {isa = PBXBuildFile; fileRef = F92D9A762245CDDE00EDC85C /* Project.swift */; };
		F92D9AC32245CDDE00EDC85C /* NodeDescriptor.swift in Sources */ = {isa = PBXBuildFile; fileRef = F92D9A772245CDDE00EDC85C /* NodeDescriptor.swift */; };
		F92D9AC42245CDDE00EDC85C /* Color.swift in Sources */ = {isa = PBXBuildFile; fileRef = F92D9A782245CDDE00EDC85C /* Color.swift */; };
		F92D9AC52245CDDE00EDC85C /* NodeBrowserViewController.swift in Sources */ = {isa = PBXBuildFile; fileRef = F92D9A7A2245CDDE00EDC85C /* NodeBrowserViewController.swift */; };
		F92D9AC62245CDDE00EDC85C /* NavigationController.swift in Sources */ = {isa = PBXBuildFile; fileRef = F92D9A7B2245CDDE00EDC85C /* NavigationController.swift */; };
		F92D9AC72245CDDE00EDC85C /* ProjectViewController.swift in Sources */ = {isa = PBXBuildFile; fileRef = F92D9A7C2245CDDE00EDC85C /* ProjectViewController.swift */; };
		F92D9AC82245CDDE00EDC85C /* CanvasViewController.swift in Sources */ = {isa = PBXBuildFile; fileRef = F92D9A7D2245CDDE00EDC85C /* CanvasViewController.swift */; };
		F92D9AC92245CDDE00EDC85C /* NodeTableViewCell.swift in Sources */ = {isa = PBXBuildFile; fileRef = F92D9A7F2245CDDE00EDC85C /* NodeTableViewCell.swift */; };
		F92D9ACA2245CDDE00EDC85C /* NodeTableViewCell.xib in Resources */ = {isa = PBXBuildFile; fileRef = F92D9A802245CDDE00EDC85C /* NodeTableViewCell.xib */; };
		F92D9ACB2245CDDE00EDC85C /* DisplayNode.swift in Sources */ = {isa = PBXBuildFile; fileRef = F92D9A822245CDDE00EDC85C /* DisplayNode.swift */; };
		F92D9ACC2245CDDE00EDC85C /* UISwitchDisplayNode.swift in Sources */ = {isa = PBXBuildFile; fileRef = F92D9A842245CDDE00EDC85C /* UISwitchDisplayNode.swift */; };
		F92D9ACD2245CDDE00EDC85C /* RenderContextDisplayNode.swift in Sources */ = {isa = PBXBuildFile; fileRef = F92D9A852245CDDE00EDC85C /* RenderContextDisplayNode.swift */; };
		F92D9ACE2245CDDE00EDC85C /* PrintDisplayNode.swift in Sources */ = {isa = PBXBuildFile; fileRef = F92D9A862245CDDE00EDC85C /* PrintDisplayNode.swift */; };
		F92D9ACF2245CDDE00EDC85C /* ConstantDisplayNode.swift in Sources */ = {isa = PBXBuildFile; fileRef = F92D9A872245CDDE00EDC85C /* ConstantDisplayNode.swift */; };
		F92D9AD02245CDDE00EDC85C /* UIViewDisplayNode.swift in Sources */ = {isa = PBXBuildFile; fileRef = F92D9A882245CDDE00EDC85C /* UIViewDisplayNode.swift */; };
		F92D9AD12245CDDE00EDC85C /* ChartDisplayNode.swift in Sources */ = {isa = PBXBuildFile; fileRef = F92D9A892245CDDE00EDC85C /* ChartDisplayNode.swift */; };
		F92D9AD22245CDDE00EDC85C /* DisplayLink.swift in Sources */ = {isa = PBXBuildFile; fileRef = F92D9A8A2245CDDE00EDC85C /* DisplayLink.swift */; };
		F92D9AD32245CDDE00EDC85C /* DisplayContext.swift in Sources */ = {isa = PBXBuildFile; fileRef = F92D9A8B2245CDDE00EDC85C /* DisplayContext.swift */; };
		F92D9AD42245CDDE00EDC85C /* DisplaySocketView.swift in Sources */ = {isa = PBXBuildFile; fileRef = F92D9A8C2245CDDE00EDC85C /* DisplaySocketView.swift */; };
		F92D9AD52245CDDE00EDC85C /* UISwitchViewValue.swift in Sources */ = {isa = PBXBuildFile; fileRef = F92D9A8E2245CDDE00EDC85C /* UISwitchViewValue.swift */; };
		F92D9AD62245CDDE00EDC85C /* UIViewValue.swift in Sources */ = {isa = PBXBuildFile; fileRef = F92D9A8F2245CDDE00EDC85C /* UIViewValue.swift */; };
		F92D9AD72245CDDE00EDC85C /* Link.swift in Sources */ = {isa = PBXBuildFile; fileRef = F92D9A912245CDDE00EDC85C /* Link.swift */; };
		F92D9AD82245CDDE00EDC85C /* Value.swift in Sources */ = {isa = PBXBuildFile; fileRef = F92D9A922245CDDE00EDC85C /* Value.swift */; };
		F92D9AD92245CDDE00EDC85C /* RingBufferNode.swift in Sources */ = {isa = PBXBuildFile; fileRef = F92D9A942245CDDE00EDC85C /* RingBufferNode.swift */; };
		F92D9ADA2245CDDE00EDC85C /* PrintNode.swift in Sources */ = {isa = PBXBuildFile; fileRef = F92D9A952245CDDE00EDC85C /* PrintNode.swift */; };
		F92D9ADB2245CDDE00EDC85C /* SegmentationNode.swift in Sources */ = {isa = PBXBuildFile; fileRef = F92D9A962245CDDE00EDC85C /* SegmentationNode.swift */; };
		F92D9ADC2245CDDE00EDC85C /* SocketListenerNode.swift in Sources */ = {isa = PBXBuildFile; fileRef = F92D9A972245CDDE00EDC85C /* SocketListenerNode.swift */; };
		F92D9ADD2245CDDE00EDC85C /* BufferNode.swift in Sources */ = {isa = PBXBuildFile; fileRef = F92D9A982245CDDE00EDC85C /* BufferNode.swift */; };
		F92D9ADE2245CDDE00EDC85C /* ZipNode.swift in Sources */ = {isa = PBXBuildFile; fileRef = F92D9A992245CDDE00EDC85C /* ZipNode.swift */; };
		F92D9ADF2245CDDE00EDC85C /* MaximumNode.swift in Sources */ = {isa = PBXBuildFile; fileRef = F92D9A9A2245CDDE00EDC85C /* MaximumNode.swift */; };
		F92D9AE02245CDDE00EDC85C /* DebounceNode.swift in Sources */ = {isa = PBXBuildFile; fileRef = F92D9A9B2245CDDE00EDC85C /* DebounceNode.swift */; };
		F92D9AE12245CDDE00EDC85C /* ThrottleNode.swift in Sources */ = {isa = PBXBuildFile; fileRef = F92D9A9C2245CDDE00EDC85C /* ThrottleNode.swift */; };
		F92D9AE22245CDDE00EDC85C /* NineAxisNode.swift in Sources */ = {isa = PBXBuildFile; fileRef = F92D9A9D2245CDDE00EDC85C /* NineAxisNode.swift */; };
		F92D9AE32245CDDE00EDC85C /* ScalarNode.swift in Sources */ = {isa = PBXBuildFile; fileRef = F92D9A9E2245CDDE00EDC85C /* ScalarNode.swift */; };
		F92D9AE42245CDDE00EDC85C /* HighPassFilterNode.swift in Sources */ = {isa = PBXBuildFile; fileRef = F92D9A9F2245CDDE00EDC85C /* HighPassFilterNode.swift */; };
		F92D9AE52245CDDE00EDC85C /* MinimumNode.swift in Sources */ = {isa = PBXBuildFile; fileRef = F92D9AA02245CDDE00EDC85C /* MinimumNode.swift */; };
		F92D9AE62245CDDE00EDC85C /* MagnetometerNode.swift in Sources */ = {isa = PBXBuildFile; fileRef = F92D9AA12245CDDE00EDC85C /* MagnetometerNode.swift */; };
		F92D9AE72245CDDE00EDC85C /* MergeNode.swift in Sources */ = {isa = PBXBuildFile; fileRef = F92D9AA22245CDDE00EDC85C /* MergeNode.swift */; };
		F92D9AE82245CDDE00EDC85C /* CombineLatestNode.swift in Sources */ = {isa = PBXBuildFile; fileRef = F92D9AA32245CDDE00EDC85C /* CombineLatestNode.swift */; };
		F92D9AE92245CDDE00EDC85C /* UISwitchViewNode.swift in Sources */ = {isa = PBXBuildFile; fileRef = F92D9AA52245CDDE00EDC85C /* UISwitchViewNode.swift */; };
		F92D9AEA2245CDDE00EDC85C /* UIViewNode.swift in Sources */ = {isa = PBXBuildFile; fileRef = F92D9AA62245CDDE00EDC85C /* UIViewNode.swift */; };
		F92D9AEB2245CDDE00EDC85C /* RenderContextNode.swift in Sources */ = {isa = PBXBuildFile; fileRef = F92D9AA72245CDDE00EDC85C /* RenderContextNode.swift */; };
		F92D9AEC2245CDDE00EDC85C /* ConstantNode.swift in Sources */ = {isa = PBXBuildFile; fileRef = F92D9AA82245CDDE00EDC85C /* ConstantNode.swift */; };
		F92D9AED2245CDDE00EDC85C /* LowPassFilterNode.swift in Sources */ = {isa = PBXBuildFile; fileRef = F92D9AA92245CDDE00EDC85C /* LowPassFilterNode.swift */; };
		F92D9AEE2245CDDE00EDC85C /* TimerNode.swift in Sources */ = {isa = PBXBuildFile; fileRef = F92D9AAA2245CDDE00EDC85C /* TimerNode.swift */; };
		F92D9AEF2245CDDE00EDC85C /* CollectionKeyPathNode.swift in Sources */ = {isa = PBXBuildFile; fileRef = F92D9AAB2245CDDE00EDC85C /* CollectionKeyPathNode.swift */; };
		F92D9AF02245CDDE00EDC85C /* ExerciseClassifierNode.swift in Sources */ = {isa = PBXBuildFile; fileRef = F92D9AAC2245CDDE00EDC85C /* ExerciseClassifierNode.swift */; };
		F92D9AF12245CDDE00EDC85C /* GyroscopeNode.swift in Sources */ = {isa = PBXBuildFile; fileRef = F92D9AAD2245CDDE00EDC85C /* GyroscopeNode.swift */; };
		F92D9AF22245CDDE00EDC85C /* ChartNode.swift in Sources */ = {isa = PBXBuildFile; fileRef = F92D9AAE2245CDDE00EDC85C /* ChartNode.swift */; };
		F92D9AF32245CDDE00EDC85C /* AccelerometerNode.swift in Sources */ = {isa = PBXBuildFile; fileRef = F92D9AAF2245CDDE00EDC85C /* AccelerometerNode.swift */; };
		F92D9AF42245CDDE00EDC85C /* CollectionIndexNode.swift in Sources */ = {isa = PBXBuildFile; fileRef = F92D9AB02245CDDE00EDC85C /* CollectionIndexNode.swift */; };
		F92D9AF52245CDDE00EDC85C /* PeakDetectorNode.swift in Sources */ = {isa = PBXBuildFile; fileRef = F92D9AB12245CDDE00EDC85C /* PeakDetectorNode.swift */; };
		F92D9AF62245CDDE00EDC85C /* JavaScriptNode.swift in Sources */ = {isa = PBXBuildFile; fileRef = F92D9AB22245CDDE00EDC85C /* JavaScriptNode.swift */; };
		F92D9AF72245CDDE00EDC85C /* SocketWriterNode.swift in Sources */ = {isa = PBXBuildFile; fileRef = F92D9AB32245CDDE00EDC85C /* SocketWriterNode.swift */; };
		F92D9AF82245CDDE00EDC85C /* ScalarDisplayNode.swift in Sources */ = {isa = PBXBuildFile; fileRef = F92D9AB42245CDDE00EDC85C /* ScalarDisplayNode.swift */; };
		F92D9AF92245CDDE00EDC85C /* Node.swift in Sources */ = {isa = PBXBuildFile; fileRef = F92D9AB52245CDDE00EDC85C /* Node.swift */; };
		F92D9AFA2245CDDE00EDC85C /* Socket.swift in Sources */ = {isa = PBXBuildFile; fileRef = F92D9AB62245CDDE00EDC85C /* Socket.swift */; };
		F92D9AFB2245CDDE00EDC85C /* Constants.swift in Sources */ = {isa = PBXBuildFile; fileRef = F92D9AB82245CDDE00EDC85C /* Constants.swift */; };
		F92D9AFC2245CDDE00EDC85C /* UITraitCollection+Convenience.swift in Sources */ = {isa = PBXBuildFile; fileRef = F92D9AB92245CDDE00EDC85C /* UITraitCollection+Convenience.swift */; };
		F92D9AFD2245CDDE00EDC85C /* ObjectAssociation.swift in Sources */ = {isa = PBXBuildFile; fileRef = F92D9ABA2245CDDE00EDC85C /* ObjectAssociation.swift */; };
		F92D9AFE2245CDDE00EDC85C /* Array+Utilities.swift in Sources */ = {isa = PBXBuildFile; fileRef = F92D9ABB2245CDDE00EDC85C /* Array+Utilities.swift */; };
		F92D9AFF2245CDDE00EDC85C /* Rippling.swift in Sources */ = {isa = PBXBuildFile; fileRef = F92D9ABC2245CDDE00EDC85C /* Rippling.swift */; };
		F92D9B002245CDDE00EDC85C /* CGPoint+Distance.swift in Sources */ = {isa = PBXBuildFile; fileRef = F92D9ABD2245CDDE00EDC85C /* CGPoint+Distance.swift */; };
		F92D9B012245CDDE00EDC85C /* UIView+NibInitializers.swift in Sources */ = {isa = PBXBuildFile; fileRef = F92D9ABE2245CDDE00EDC85C /* UIView+NibInitializers.swift */; };
		F92D9B022245CDDE00EDC85C /* RipplingButton.swift in Sources */ = {isa = PBXBuildFile; fileRef = F92D9ABF2245CDDE00EDC85C /* RipplingButton.swift */; };
		F949C5462222D6AC002AFE5E /* KeyboardLayoutGuide.swift in Sources */ = {isa = PBXBuildFile; fileRef = F949C5342222D6AC002AFE5E /* KeyboardLayoutGuide.swift */; };
		F949C5472222D6AC002AFE5E /* UIViewController+Panel.swift in Sources */ = {isa = PBXBuildFile; fileRef = F949C5352222D6AC002AFE5E /* UIViewController+Panel.swift */; };
		F949C5482222D6AC002AFE5E /* PanelAnimator.swift in Sources */ = {isa = PBXBuildFile; fileRef = F949C5362222D6AC002AFE5E /* PanelAnimator.swift */; };
		F949C5492222D6AC002AFE5E /* SeparatorView.swift in Sources */ = {isa = PBXBuildFile; fileRef = F949C5372222D6AC002AFE5E /* SeparatorView.swift */; };
		F949C54A2222D6AC002AFE5E /* PanGestureRecognizer.swift in Sources */ = {isa = PBXBuildFile; fileRef = F949C5382222D6AC002AFE5E /* PanGestureRecognizer.swift */; };
		F949C54B2222D6AC002AFE5E /* Panel.swift in Sources */ = {isa = PBXBuildFile; fileRef = F949C5392222D6AC002AFE5E /* Panel.swift */; };
		F949C54C2222D6AC002AFE5E /* PanelTransition.swift in Sources */ = {isa = PBXBuildFile; fileRef = F949C53A2222D6AC002AFE5E /* PanelTransition.swift */; };
		F949C54D2222D6AC002AFE5E /* PanelView.swift in Sources */ = {isa = PBXBuildFile; fileRef = F949C53B2222D6AC002AFE5E /* PanelView.swift */; };
		F949C54E2222D6AC002AFE5E /* PanelDelegate.swift in Sources */ = {isa = PBXBuildFile; fileRef = F949C53C2222D6AC002AFE5E /* PanelDelegate.swift */; };
		F949C54F2222D6AC002AFE5E /* PanelRepositionContext.swift in Sources */ = {isa = PBXBuildFile; fileRef = F949C53D2222D6AC002AFE5E /* PanelRepositionContext.swift */; };
		F949C5502222D6AC002AFE5E /* PanelConfiguration.swift in Sources */ = {isa = PBXBuildFile; fileRef = F949C53E2222D6AC002AFE5E /* PanelConfiguration.swift */; };
		F949C5512222D6AC002AFE5E /* ResizeHandle.swift in Sources */ = {isa = PBXBuildFile; fileRef = F949C53F2222D6AC002AFE5E /* ResizeHandle.swift */; };
		F949C5522222D6AC002AFE5E /* PanelConstraints.swift in Sources */ = {isa = PBXBuildFile; fileRef = F949C5402222D6AC002AFE5E /* PanelConstraints.swift */; };
		F949C5532222D6AC002AFE5E /* ShadowView.swift in Sources */ = {isa = PBXBuildFile; fileRef = F949C5412222D6AC002AFE5E /* ShadowView.swift */; };
		F949C5542222D6AC002AFE5E /* PanelTransitionCoordinator.swift in Sources */ = {isa = PBXBuildFile; fileRef = F949C5422222D6AC002AFE5E /* PanelTransitionCoordinator.swift */; };
		F949C5552222D6AC002AFE5E /* UIView+RTL.swift in Sources */ = {isa = PBXBuildFile; fileRef = F949C5432222D6AC002AFE5E /* UIView+RTL.swift */; };
		F949C5562222D6AC002AFE5E /* ContainerView.swift in Sources */ = {isa = PBXBuildFile; fileRef = F949C5442222D6AC002AFE5E /* ContainerView.swift */; };
		F949C5572222D6AC002AFE5E /* PanelGestures.swift in Sources */ = {isa = PBXBuildFile; fileRef = F949C5452222D6AC002AFE5E /* PanelGestures.swift */; };
		F949C5722222E2C8002AFE5E /* Podfile in Resources */ = {isa = PBXBuildFile; fileRef = F949C5712222E2C8002AFE5E /* Podfile */; };
		F9C4AA5C223D9A360035A651 /* README in Resources */ = {isa = PBXBuildFile; fileRef = F9C4AA5B223D9A360035A651 /* README */; };
		F9ECF60F221ED2A20067FC8E /* Assets.xcassets in Resources */ = {isa = PBXBuildFile; fileRef = F9ECF605221ED2A20067FC8E /* Assets.xcassets */; };
		F9ECF610221ED2A20067FC8E /* LaunchScreen.storyboard in Resources */ = {isa = PBXBuildFile; fileRef = F9ECF606221ED2A20067FC8E /* LaunchScreen.storyboard */; };
/* End PBXBuildFile section */

/* Begin PBXFileReference section */
		3A49045D13D2D4B92312AA49 /* Pods-Wearvelop.debug.xcconfig */ = {isa = PBXFileReference; includeInIndex = 1; lastKnownFileType = text.xcconfig; name = "Pods-Wearvelop.debug.xcconfig"; path = "Target Support Files/Pods-Wearvelop/Pods-Wearvelop.debug.xcconfig"; sourceTree = "<group>"; };
		CFD936EBB70A2A45485E9853 /* Pods-Wearvelop.release.xcconfig */ = {isa = PBXFileReference; includeInIndex = 1; lastKnownFileType = text.xcconfig; name = "Pods-Wearvelop.release.xcconfig"; path = "Target Support Files/Pods-Wearvelop/Pods-Wearvelop.release.xcconfig"; sourceTree = "<group>"; };
		D11E3C0FA513B778B8621DE7 /* Pods_Wearvelop.framework */ = {isa = PBXFileReference; explicitFileType = wrapper.framework; includeInIndex = 0; path = Pods_Wearvelop.framework; sourceTree = BUILT_PRODUCTS_DIR; };
		F915A9C222347DE90002C8A6 /* Exermote.mlmodel */ = {isa = PBXFileReference; lastKnownFileType = file.mlmodel; path = Exermote.mlmodel; sourceTree = "<group>"; };
		F92D9A722245CDDD00EDC85C /* AppDelegate.swift */ = {isa = PBXFileReference; fileEncoding = 4; lastKnownFileType = sourcecode.swift; path = AppDelegate.swift; sourceTree = "<group>"; };
		F92D9A752245CDDE00EDC85C /* StorageManager.swift */ = {isa = PBXFileReference; fileEncoding = 4; lastKnownFileType = sourcecode.swift; path = StorageManager.swift; sourceTree = "<group>"; };
		F92D9A762245CDDE00EDC85C /* Project.swift */ = {isa = PBXFileReference; fileEncoding = 4; lastKnownFileType = sourcecode.swift; path = Project.swift; sourceTree = "<group>"; };
		F92D9A772245CDDE00EDC85C /* NodeDescriptor.swift */ = {isa = PBXFileReference; fileEncoding = 4; lastKnownFileType = sourcecode.swift; path = NodeDescriptor.swift; sourceTree = "<group>"; };
		F92D9A782245CDDE00EDC85C /* Color.swift */ = {isa = PBXFileReference; fileEncoding = 4; lastKnownFileType = sourcecode.swift; path = Color.swift; sourceTree = "<group>"; };
		F92D9A7A2245CDDE00EDC85C /* NodeBrowserViewController.swift */ = {isa = PBXFileReference; fileEncoding = 4; lastKnownFileType = sourcecode.swift; path = NodeBrowserViewController.swift; sourceTree = "<group>"; };
		F92D9A7B2245CDDE00EDC85C /* NavigationController.swift */ = {isa = PBXFileReference; fileEncoding = 4; lastKnownFileType = sourcecode.swift; path = NavigationController.swift; sourceTree = "<group>"; };
		F92D9A7C2245CDDE00EDC85C /* ProjectViewController.swift */ = {isa = PBXFileReference; fileEncoding = 4; lastKnownFileType = sourcecode.swift; path = ProjectViewController.swift; sourceTree = "<group>"; };
		F92D9A7D2245CDDE00EDC85C /* CanvasViewController.swift */ = {isa = PBXFileReference; fileEncoding = 4; lastKnownFileType = sourcecode.swift; path = CanvasViewController.swift; sourceTree = "<group>"; };
		F92D9A7F2245CDDE00EDC85C /* NodeTableViewCell.swift */ = {isa = PBXFileReference; fileEncoding = 4; lastKnownFileType = sourcecode.swift; path = NodeTableViewCell.swift; sourceTree = "<group>"; };
		F92D9A802245CDDE00EDC85C /* NodeTableViewCell.xib */ = {isa = PBXFileReference; fileEncoding = 4; lastKnownFileType = file.xib; path = NodeTableViewCell.xib; sourceTree = "<group>"; };
		F92D9A822245CDDE00EDC85C /* DisplayNode.swift */ = {isa = PBXFileReference; fileEncoding = 4; lastKnownFileType = sourcecode.swift; path = DisplayNode.swift; sourceTree = "<group>"; };
		F92D9A842245CDDE00EDC85C /* UISwitchDisplayNode.swift */ = {isa = PBXFileReference; fileEncoding = 4; lastKnownFileType = sourcecode.swift; path = UISwitchDisplayNode.swift; sourceTree = "<group>"; };
		F92D9A852245CDDE00EDC85C /* RenderContextDisplayNode.swift */ = {isa = PBXFileReference; fileEncoding = 4; lastKnownFileType = sourcecode.swift; path = RenderContextDisplayNode.swift; sourceTree = "<group>"; };
		F92D9A862245CDDE00EDC85C /* PrintDisplayNode.swift */ = {isa = PBXFileReference; fileEncoding = 4; lastKnownFileType = sourcecode.swift; path = PrintDisplayNode.swift; sourceTree = "<group>"; };
		F92D9A872245CDDE00EDC85C /* ConstantDisplayNode.swift */ = {isa = PBXFileReference; fileEncoding = 4; lastKnownFileType = sourcecode.swift; path = ConstantDisplayNode.swift; sourceTree = "<group>"; };
		F92D9A882245CDDE00EDC85C /* UIViewDisplayNode.swift */ = {isa = PBXFileReference; fileEncoding = 4; lastKnownFileType = sourcecode.swift; path = UIViewDisplayNode.swift; sourceTree = "<group>"; };
		F92D9A892245CDDE00EDC85C /* ChartDisplayNode.swift */ = {isa = PBXFileReference; fileEncoding = 4; lastKnownFileType = sourcecode.swift; path = ChartDisplayNode.swift; sourceTree = "<group>"; };
		F92D9A8A2245CDDE00EDC85C /* DisplayLink.swift */ = {isa = PBXFileReference; fileEncoding = 4; lastKnownFileType = sourcecode.swift; path = DisplayLink.swift; sourceTree = "<group>"; };
		F92D9A8B2245CDDE00EDC85C /* DisplayContext.swift */ = {isa = PBXFileReference; fileEncoding = 4; lastKnownFileType = sourcecode.swift; path = DisplayContext.swift; sourceTree = "<group>"; };
		F92D9A8C2245CDDE00EDC85C /* DisplaySocketView.swift */ = {isa = PBXFileReference; fileEncoding = 4; lastKnownFileType = sourcecode.swift; path = DisplaySocketView.swift; sourceTree = "<group>"; };
		F92D9A8E2245CDDE00EDC85C /* UISwitchViewValue.swift */ = {isa = PBXFileReference; fileEncoding = 4; lastKnownFileType = sourcecode.swift; path = UISwitchViewValue.swift; sourceTree = "<group>"; };
		F92D9A8F2245CDDE00EDC85C /* UIViewValue.swift */ = {isa = PBXFileReference; fileEncoding = 4; lastKnownFileType = sourcecode.swift; path = UIViewValue.swift; sourceTree = "<group>"; };
		F92D9A912245CDDE00EDC85C /* Link.swift */ = {isa = PBXFileReference; fileEncoding = 4; lastKnownFileType = sourcecode.swift; path = Link.swift; sourceTree = "<group>"; };
		F92D9A922245CDDE00EDC85C /* Value.swift */ = {isa = PBXFileReference; fileEncoding = 4; lastKnownFileType = sourcecode.swift; path = Value.swift; sourceTree = "<group>"; };
		F92D9A942245CDDE00EDC85C /* RingBufferNode.swift */ = {isa = PBXFileReference; fileEncoding = 4; lastKnownFileType = sourcecode.swift; path = RingBufferNode.swift; sourceTree = "<group>"; };
		F92D9A952245CDDE00EDC85C /* PrintNode.swift */ = {isa = PBXFileReference; fileEncoding = 4; lastKnownFileType = sourcecode.swift; path = PrintNode.swift; sourceTree = "<group>"; };
		F92D9A962245CDDE00EDC85C /* SegmentationNode.swift */ = {isa = PBXFileReference; fileEncoding = 4; lastKnownFileType = sourcecode.swift; path = SegmentationNode.swift; sourceTree = "<group>"; };
		F92D9A972245CDDE00EDC85C /* SocketListenerNode.swift */ = {isa = PBXFileReference; fileEncoding = 4; lastKnownFileType = sourcecode.swift; path = SocketListenerNode.swift; sourceTree = "<group>"; };
		F92D9A982245CDDE00EDC85C /* BufferNode.swift */ = {isa = PBXFileReference; fileEncoding = 4; lastKnownFileType = sourcecode.swift; path = BufferNode.swift; sourceTree = "<group>"; };
		F92D9A992245CDDE00EDC85C /* ZipNode.swift */ = {isa = PBXFileReference; fileEncoding = 4; lastKnownFileType = sourcecode.swift; path = ZipNode.swift; sourceTree = "<group>"; };
		F92D9A9A2245CDDE00EDC85C /* MaximumNode.swift */ = {isa = PBXFileReference; fileEncoding = 4; lastKnownFileType = sourcecode.swift; path = MaximumNode.swift; sourceTree = "<group>"; };
		F92D9A9B2245CDDE00EDC85C /* DebounceNode.swift */ = {isa = PBXFileReference; fileEncoding = 4; lastKnownFileType = sourcecode.swift; path = DebounceNode.swift; sourceTree = "<group>"; };
		F92D9A9C2245CDDE00EDC85C /* ThrottleNode.swift */ = {isa = PBXFileReference; fileEncoding = 4; lastKnownFileType = sourcecode.swift; path = ThrottleNode.swift; sourceTree = "<group>"; };
		F92D9A9D2245CDDE00EDC85C /* NineAxisNode.swift */ = {isa = PBXFileReference; fileEncoding = 4; lastKnownFileType = sourcecode.swift; path = NineAxisNode.swift; sourceTree = "<group>"; };
		F92D9A9E2245CDDE00EDC85C /* ScalarNode.swift */ = {isa = PBXFileReference; fileEncoding = 4; lastKnownFileType = sourcecode.swift; path = ScalarNode.swift; sourceTree = "<group>"; };
		F92D9A9F2245CDDE00EDC85C /* HighPassFilterNode.swift */ = {isa = PBXFileReference; fileEncoding = 4; lastKnownFileType = sourcecode.swift; path = HighPassFilterNode.swift; sourceTree = "<group>"; };
		F92D9AA02245CDDE00EDC85C /* MinimumNode.swift */ = {isa = PBXFileReference; fileEncoding = 4; lastKnownFileType = sourcecode.swift; path = MinimumNode.swift; sourceTree = "<group>"; };
		F92D9AA12245CDDE00EDC85C /* MagnetometerNode.swift */ = {isa = PBXFileReference; fileEncoding = 4; lastKnownFileType = sourcecode.swift; path = MagnetometerNode.swift; sourceTree = "<group>"; };
		F92D9AA22245CDDE00EDC85C /* MergeNode.swift */ = {isa = PBXFileReference; fileEncoding = 4; lastKnownFileType = sourcecode.swift; path = MergeNode.swift; sourceTree = "<group>"; };
		F92D9AA32245CDDE00EDC85C /* CombineLatestNode.swift */ = {isa = PBXFileReference; fileEncoding = 4; lastKnownFileType = sourcecode.swift; path = CombineLatestNode.swift; sourceTree = "<group>"; };
		F92D9AA52245CDDE00EDC85C /* UISwitchViewNode.swift */ = {isa = PBXFileReference; fileEncoding = 4; lastKnownFileType = sourcecode.swift; path = UISwitchViewNode.swift; sourceTree = "<group>"; };
		F92D9AA62245CDDE00EDC85C /* UIViewNode.swift */ = {isa = PBXFileReference; fileEncoding = 4; lastKnownFileType = sourcecode.swift; path = UIViewNode.swift; sourceTree = "<group>"; };
		F92D9AA72245CDDE00EDC85C /* RenderContextNode.swift */ = {isa = PBXFileReference; fileEncoding = 4; lastKnownFileType = sourcecode.swift; path = RenderContextNode.swift; sourceTree = "<group>"; };
		F92D9AA82245CDDE00EDC85C /* ConstantNode.swift */ = {isa = PBXFileReference; fileEncoding = 4; lastKnownFileType = sourcecode.swift; path = ConstantNode.swift; sourceTree = "<group>"; };
		F92D9AA92245CDDE00EDC85C /* LowPassFilterNode.swift */ = {isa = PBXFileReference; fileEncoding = 4; lastKnownFileType = sourcecode.swift; path = LowPassFilterNode.swift; sourceTree = "<group>"; };
		F92D9AAA2245CDDE00EDC85C /* TimerNode.swift */ = {isa = PBXFileReference; fileEncoding = 4; lastKnownFileType = sourcecode.swift; path = TimerNode.swift; sourceTree = "<group>"; };
		F92D9AAB2245CDDE00EDC85C /* CollectionKeyPathNode.swift */ = {isa = PBXFileReference; fileEncoding = 4; lastKnownFileType = sourcecode.swift; path = CollectionKeyPathNode.swift; sourceTree = "<group>"; };
		F92D9AAC2245CDDE00EDC85C /* ExerciseClassifierNode.swift */ = {isa = PBXFileReference; fileEncoding = 4; lastKnownFileType = sourcecode.swift; path = ExerciseClassifierNode.swift; sourceTree = "<group>"; };
		F92D9AAD2245CDDE00EDC85C /* GyroscopeNode.swift */ = {isa = PBXFileReference; fileEncoding = 4; lastKnownFileType = sourcecode.swift; path = GyroscopeNode.swift; sourceTree = "<group>"; };
		F92D9AAE2245CDDE00EDC85C /* ChartNode.swift */ = {isa = PBXFileReference; fileEncoding = 4; lastKnownFileType = sourcecode.swift; path = ChartNode.swift; sourceTree = "<group>"; };
		F92D9AAF2245CDDE00EDC85C /* AccelerometerNode.swift */ = {isa = PBXFileReference; fileEncoding = 4; lastKnownFileType = sourcecode.swift; path = AccelerometerNode.swift; sourceTree = "<group>"; };
		F92D9AB02245CDDE00EDC85C /* CollectionIndexNode.swift */ = {isa = PBXFileReference; fileEncoding = 4; lastKnownFileType = sourcecode.swift; path = CollectionIndexNode.swift; sourceTree = "<group>"; };
		F92D9AB12245CDDE00EDC85C /* PeakDetectorNode.swift */ = {isa = PBXFileReference; fileEncoding = 4; lastKnownFileType = sourcecode.swift; path = PeakDetectorNode.swift; sourceTree = "<group>"; };
		F92D9AB22245CDDE00EDC85C /* JavaScriptNode.swift */ = {isa = PBXFileReference; fileEncoding = 4; lastKnownFileType = sourcecode.swift; path = JavaScriptNode.swift; sourceTree = "<group>"; };
		F92D9AB32245CDDE00EDC85C /* SocketWriterNode.swift */ = {isa = PBXFileReference; fileEncoding = 4; lastKnownFileType = sourcecode.swift; path = SocketWriterNode.swift; sourceTree = "<group>"; };
		F92D9AB42245CDDE00EDC85C /* ScalarDisplayNode.swift */ = {isa = PBXFileReference; fileEncoding = 4; lastKnownFileType = sourcecode.swift; path = ScalarDisplayNode.swift; sourceTree = "<group>"; };
		F92D9AB52245CDDE00EDC85C /* Node.swift */ = {isa = PBXFileReference; fileEncoding = 4; lastKnownFileType = sourcecode.swift; path = Node.swift; sourceTree = "<group>"; };
		F92D9AB62245CDDE00EDC85C /* Socket.swift */ = {isa = PBXFileReference; fileEncoding = 4; lastKnownFileType = sourcecode.swift; path = Socket.swift; sourceTree = "<group>"; };
		F92D9AB82245CDDE00EDC85C /* Constants.swift */ = {isa = PBXFileReference; fileEncoding = 4; lastKnownFileType = sourcecode.swift; path = Constants.swift; sourceTree = "<group>"; };
		F92D9AB92245CDDE00EDC85C /* UITraitCollection+Convenience.swift */ = {isa = PBXFileReference; fileEncoding = 4; lastKnownFileType = sourcecode.swift; path = "UITraitCollection+Convenience.swift"; sourceTree = "<group>"; };
		F92D9ABA2245CDDE00EDC85C /* ObjectAssociation.swift */ = {isa = PBXFileReference; fileEncoding = 4; lastKnownFileType = sourcecode.swift; path = ObjectAssociation.swift; sourceTree = "<group>"; };
		F92D9ABB2245CDDE00EDC85C /* Array+Utilities.swift */ = {isa = PBXFileReference; fileEncoding = 4; lastKnownFileType = sourcecode.swift; path = "Array+Utilities.swift"; sourceTree = "<group>"; };
		F92D9ABC2245CDDE00EDC85C /* Rippling.swift */ = {isa = PBXFileReference; fileEncoding = 4; lastKnownFileType = sourcecode.swift; path = Rippling.swift; sourceTree = "<group>"; };
		F92D9ABD2245CDDE00EDC85C /* CGPoint+Distance.swift */ = {isa = PBXFileReference; fileEncoding = 4; lastKnownFileType = sourcecode.swift; path = "CGPoint+Distance.swift"; sourceTree = "<group>"; };
		F92D9ABE2245CDDE00EDC85C /* UIView+NibInitializers.swift */ = {isa = PBXFileReference; fileEncoding = 4; lastKnownFileType = sourcecode.swift; path = "UIView+NibInitializers.swift"; sourceTree = "<group>"; };
		F92D9ABF2245CDDE00EDC85C /* RipplingButton.swift */ = {isa = PBXFileReference; fileEncoding = 4; lastKnownFileType = sourcecode.swift; path = RipplingButton.swift; sourceTree = "<group>"; };
		F949C5342222D6AC002AFE5E /* KeyboardLayoutGuide.swift */ = {isa = PBXFileReference; fileEncoding = 4; lastKnownFileType = sourcecode.swift; path = KeyboardLayoutGuide.swift; sourceTree = "<group>"; };
		F949C5352222D6AC002AFE5E /* UIViewController+Panel.swift */ = {isa = PBXFileReference; fileEncoding = 4; lastKnownFileType = sourcecode.swift; path = "UIViewController+Panel.swift"; sourceTree = "<group>"; };
		F949C5362222D6AC002AFE5E /* PanelAnimator.swift */ = {isa = PBXFileReference; fileEncoding = 4; lastKnownFileType = sourcecode.swift; path = PanelAnimator.swift; sourceTree = "<group>"; };
		F949C5372222D6AC002AFE5E /* SeparatorView.swift */ = {isa = PBXFileReference; fileEncoding = 4; lastKnownFileType = sourcecode.swift; path = SeparatorView.swift; sourceTree = "<group>"; };
		F949C5382222D6AC002AFE5E /* PanGestureRecognizer.swift */ = {isa = PBXFileReference; fileEncoding = 4; lastKnownFileType = sourcecode.swift; path = PanGestureRecognizer.swift; sourceTree = "<group>"; };
		F949C5392222D6AC002AFE5E /* Panel.swift */ = {isa = PBXFileReference; fileEncoding = 4; lastKnownFileType = sourcecode.swift; path = Panel.swift; sourceTree = "<group>"; };
		F949C53A2222D6AC002AFE5E /* PanelTransition.swift */ = {isa = PBXFileReference; fileEncoding = 4; lastKnownFileType = sourcecode.swift; path = PanelTransition.swift; sourceTree = "<group>"; };
		F949C53B2222D6AC002AFE5E /* PanelView.swift */ = {isa = PBXFileReference; fileEncoding = 4; lastKnownFileType = sourcecode.swift; path = PanelView.swift; sourceTree = "<group>"; };
		F949C53C2222D6AC002AFE5E /* PanelDelegate.swift */ = {isa = PBXFileReference; fileEncoding = 4; lastKnownFileType = sourcecode.swift; path = PanelDelegate.swift; sourceTree = "<group>"; };
		F949C53D2222D6AC002AFE5E /* PanelRepositionContext.swift */ = {isa = PBXFileReference; fileEncoding = 4; lastKnownFileType = sourcecode.swift; path = PanelRepositionContext.swift; sourceTree = "<group>"; };
		F949C53E2222D6AC002AFE5E /* PanelConfiguration.swift */ = {isa = PBXFileReference; fileEncoding = 4; lastKnownFileType = sourcecode.swift; path = PanelConfiguration.swift; sourceTree = "<group>"; };
		F949C53F2222D6AC002AFE5E /* ResizeHandle.swift */ = {isa = PBXFileReference; fileEncoding = 4; lastKnownFileType = sourcecode.swift; path = ResizeHandle.swift; sourceTree = "<group>"; };
		F949C5402222D6AC002AFE5E /* PanelConstraints.swift */ = {isa = PBXFileReference; fileEncoding = 4; lastKnownFileType = sourcecode.swift; path = PanelConstraints.swift; sourceTree = "<group>"; };
		F949C5412222D6AC002AFE5E /* ShadowView.swift */ = {isa = PBXFileReference; fileEncoding = 4; lastKnownFileType = sourcecode.swift; path = ShadowView.swift; sourceTree = "<group>"; };
		F949C5422222D6AC002AFE5E /* PanelTransitionCoordinator.swift */ = {isa = PBXFileReference; fileEncoding = 4; lastKnownFileType = sourcecode.swift; path = PanelTransitionCoordinator.swift; sourceTree = "<group>"; };
		F949C5432222D6AC002AFE5E /* UIView+RTL.swift */ = {isa = PBXFileReference; fileEncoding = 4; lastKnownFileType = sourcecode.swift; path = "UIView+RTL.swift"; sourceTree = "<group>"; };
		F949C5442222D6AC002AFE5E /* ContainerView.swift */ = {isa = PBXFileReference; fileEncoding = 4; lastKnownFileType = sourcecode.swift; path = ContainerView.swift; sourceTree = "<group>"; };
		F949C5452222D6AC002AFE5E /* PanelGestures.swift */ = {isa = PBXFileReference; fileEncoding = 4; lastKnownFileType = sourcecode.swift; path = PanelGestures.swift; sourceTree = "<group>"; };
		F949C5712222E2C8002AFE5E /* Podfile */ = {isa = PBXFileReference; fileEncoding = 4; lastKnownFileType = text; path = Podfile; sourceTree = SOURCE_ROOT; xcLanguageSpecificationIdentifier = xcode.lang.ruby; };
		F9C4AA5B223D9A360035A651 /* README */ = {isa = PBXFileReference; lastKnownFileType = text; path = README; sourceTree = SOURCE_ROOT; };
		F9ECF5EF221ED25F0067FC8E /* Wearvelop.app */ = {isa = PBXFileReference; explicitFileType = wrapper.application; includeInIndex = 0; path = Wearvelop.app; sourceTree = BUILT_PRODUCTS_DIR; };
		F9ECF605221ED2A20067FC8E /* Assets.xcassets */ = {isa = PBXFileReference; lastKnownFileType = folder.assetcatalog; path = Assets.xcassets; sourceTree = "<group>"; };
		F9ECF607221ED2A20067FC8E /* Base */ = {isa = PBXFileReference; lastKnownFileType = file.storyboard; name = Base; path = Base.lproj/LaunchScreen.storyboard; sourceTree = "<group>"; };
		F9ECF60E221ED2A20067FC8E /* Info.plist */ = {isa = PBXFileReference; fileEncoding = 4; lastKnownFileType = text.plist.xml; path = Info.plist; sourceTree = "<group>"; };
/* End PBXFileReference section */

/* Begin PBXFrameworksBuildPhase section */
		F9ECF5EC221ED25F0067FC8E /* Frameworks */ = {
			isa = PBXFrameworksBuildPhase;
			buildActionMask = 2147483647;
			files = (
				222DDF1D44EB8DF875A1A47B /* Pods_Wearvelop.framework in Frameworks */,
			);
			runOnlyForDeploymentPostprocessing = 0;
		};
/* End PBXFrameworksBuildPhase section */

/* Begin PBXGroup section */
		95E8337E8A24B6265BC2C4DC /* Pods */ = {
			isa = PBXGroup;
			children = (
				3A49045D13D2D4B92312AA49 /* Pods-Wearvelop.debug.xcconfig */,
				CFD936EBB70A2A45485E9853 /* Pods-Wearvelop.release.xcconfig */,
			);
			path = Pods;
			sourceTree = "<group>";
		};
		BD3F7F9AAD3458DBBB25414B /* Frameworks */ = {
			isa = PBXGroup;
			children = (
				D11E3C0FA513B778B8621DE7 /* Pods_Wearvelop.framework */,
			);
			name = Frameworks;
			sourceTree = "<group>";
		};
		F92D9A732245CDDE00EDC85C /* Application Context */ = {
			isa = PBXGroup;
			children = (
				F92D9A742245CDDE00EDC85C /* Models */,
				F92D9A792245CDDE00EDC85C /* Controllers */,
				F92D9A7E2245CDDE00EDC85C /* Views */,
			);
			path = "Application Context";
			sourceTree = "<group>";
		};
		F92D9A742245CDDE00EDC85C /* Models */ = {
			isa = PBXGroup;
			children = (
				F92D9A752245CDDE00EDC85C /* StorageManager.swift */,
				F92D9A762245CDDE00EDC85C /* Project.swift */,
				F92D9A772245CDDE00EDC85C /* NodeDescriptor.swift */,
				F92D9A782245CDDE00EDC85C /* Color.swift */,
			);
			path = Models;
			sourceTree = "<group>";
		};
		F92D9A792245CDDE00EDC85C /* Controllers */ = {
			isa = PBXGroup;
			children = (
				F92D9A7A2245CDDE00EDC85C /* NodeBrowserViewController.swift */,
				F92D9A7B2245CDDE00EDC85C /* NavigationController.swift */,
				F92D9A7C2245CDDE00EDC85C /* ProjectViewController.swift */,
				F92D9A7D2245CDDE00EDC85C /* CanvasViewController.swift */,
			);
			path = Controllers;
			sourceTree = "<group>";
		};
		F92D9A7E2245CDDE00EDC85C /* Views */ = {
			isa = PBXGroup;
			children = (
				F92D9A7F2245CDDE00EDC85C /* NodeTableViewCell.swift */,
				F92D9A802245CDDE00EDC85C /* NodeTableViewCell.xib */,
			);
			path = Views;
			sourceTree = "<group>";
		};
		F92D9A812245CDDE00EDC85C /* Display Context */ = {
			isa = PBXGroup;
			children = (
				F92D9A8D2245CDDE00EDC85C /* Display Types */,
				F92D9A832245CDDE00EDC85C /* Concrete DisplayNodes */,
				F92D9A822245CDDE00EDC85C /* DisplayNode.swift */,
				F92D9A8A2245CDDE00EDC85C /* DisplayLink.swift */,
				F92D9A8B2245CDDE00EDC85C /* DisplayContext.swift */,
				F92D9A8C2245CDDE00EDC85C /* DisplaySocketView.swift */,
			);
			path = "Display Context";
			sourceTree = "<group>";
		};
		F92D9A832245CDDE00EDC85C /* Concrete DisplayNodes */ = {
			isa = PBXGroup;
			children = (
				F92D9A842245CDDE00EDC85C /* UISwitchDisplayNode.swift */,
				F92D9A852245CDDE00EDC85C /* RenderContextDisplayNode.swift */,
				F92D9A862245CDDE00EDC85C /* PrintDisplayNode.swift */,
				F92D9A872245CDDE00EDC85C /* ConstantDisplayNode.swift */,
				F92D9A882245CDDE00EDC85C /* UIViewDisplayNode.swift */,
				F92D9A892245CDDE00EDC85C /* ChartDisplayNode.swift */,
			);
			path = "Concrete DisplayNodes";
			sourceTree = "<group>";
		};
		F92D9A8D2245CDDE00EDC85C /* Display Types */ = {
			isa = PBXGroup;
			children = (
				F92D9A8E2245CDDE00EDC85C /* UISwitchViewValue.swift */,
				F92D9A8F2245CDDE00EDC85C /* UIViewValue.swift */,
			);
			path = "Display Types";
			sourceTree = "<group>";
		};
		F92D9A902245CDDE00EDC85C /* Node Context */ = {
			isa = PBXGroup;
			children = (
				F92D9A912245CDDE00EDC85C /* Link.swift */,
				F92D9A922245CDDE00EDC85C /* Value.swift */,
				F92D9A932245CDDE00EDC85C /* Concrete Nodes */,
				F92D9AB52245CDDE00EDC85C /* Node.swift */,
				F92D9AB62245CDDE00EDC85C /* Socket.swift */,
			);
			path = "Node Context";
			sourceTree = "<group>";
		};
		F92D9A932245CDDE00EDC85C /* Concrete Nodes */ = {
			isa = PBXGroup;
			children = (
				F92D9A942245CDDE00EDC85C /* RingBufferNode.swift */,
				F92D9A952245CDDE00EDC85C /* PrintNode.swift */,
				F92D9A962245CDDE00EDC85C /* SegmentationNode.swift */,
				F92D9A972245CDDE00EDC85C /* SocketListenerNode.swift */,
				F92D9A982245CDDE00EDC85C /* BufferNode.swift */,
				F92D9A992245CDDE00EDC85C /* ZipNode.swift */,
				F92D9A9A2245CDDE00EDC85C /* MaximumNode.swift */,
				F92D9A9B2245CDDE00EDC85C /* DebounceNode.swift */,
				F92D9A9C2245CDDE00EDC85C /* ThrottleNode.swift */,
				F92D9A9D2245CDDE00EDC85C /* NineAxisNode.swift */,
				F92D9A9E2245CDDE00EDC85C /* ScalarNode.swift */,
				F92D9A9F2245CDDE00EDC85C /* HighPassFilterNode.swift */,
				F92D9AA02245CDDE00EDC85C /* MinimumNode.swift */,
				F92D9AA12245CDDE00EDC85C /* MagnetometerNode.swift */,
				F92D9AA22245CDDE00EDC85C /* MergeNode.swift */,
				F92D9AA32245CDDE00EDC85C /* CombineLatestNode.swift */,
				F92D9AA42245CDDE00EDC85C /* UI Nodes */,
				F92D9AA72245CDDE00EDC85C /* RenderContextNode.swift */,
				F92D9AA82245CDDE00EDC85C /* ConstantNode.swift */,
				F92D9AA92245CDDE00EDC85C /* LowPassFilterNode.swift */,
				F92D9AAA2245CDDE00EDC85C /* TimerNode.swift */,
				F92D9AAB2245CDDE00EDC85C /* CollectionKeyPathNode.swift */,
				F92D9AAC2245CDDE00EDC85C /* ExerciseClassifierNode.swift */,
				F92D9AAD2245CDDE00EDC85C /* GyroscopeNode.swift */,
				F92D9AAE2245CDDE00EDC85C /* ChartNode.swift */,
				F92D9AAF2245CDDE00EDC85C /* AccelerometerNode.swift */,
				F92D9AB02245CDDE00EDC85C /* CollectionIndexNode.swift */,
				F92D9AB12245CDDE00EDC85C /* PeakDetectorNode.swift */,
				F92D9AB22245CDDE00EDC85C /* JavaScriptNode.swift */,
				F92D9AB32245CDDE00EDC85C /* SocketWriterNode.swift */,
				F92D9AB42245CDDE00EDC85C /* ScalarDisplayNode.swift */,
			);
			path = "Concrete Nodes";
			sourceTree = "<group>";
		};
		F92D9AA42245CDDE00EDC85C /* UI Nodes */ = {
			isa = PBXGroup;
			children = (
				F92D9AA52245CDDE00EDC85C /* UISwitchViewNode.swift */,
				F92D9AA62245CDDE00EDC85C /* UIViewNode.swift */,
			);
			path = "UI Nodes";
			sourceTree = "<group>";
		};
		F92D9AB72245CDDE00EDC85C /* Utilities */ = {
			isa = PBXGroup;
			children = (
				F92D9AB82245CDDE00EDC85C /* Constants.swift */,
				F92D9AB92245CDDE00EDC85C /* UITraitCollection+Convenience.swift */,
				F92D9ABA2245CDDE00EDC85C /* ObjectAssociation.swift */,
				F92D9ABB2245CDDE00EDC85C /* Array+Utilities.swift */,
				F92D9ABC2245CDDE00EDC85C /* Rippling.swift */,
				F92D9ABD2245CDDE00EDC85C /* CGPoint+Distance.swift */,
				F92D9ABE2245CDDE00EDC85C /* UIView+NibInitializers.swift */,
				F92D9ABF2245CDDE00EDC85C /* RipplingButton.swift */,
			);
			path = Utilities;
			sourceTree = "<group>";
		};
		F949C5322222D6AC002AFE5E /* Vendor */ = {
			isa = PBXGroup;
			children = (
				F949C5332222D6AC002AFE5E /* Aiolos */,
			);
			path = Vendor;
			sourceTree = "<group>";
		};
		F949C5332222D6AC002AFE5E /* Aiolos */ = {
			isa = PBXGroup;
			children = (
				F949C5342222D6AC002AFE5E /* KeyboardLayoutGuide.swift */,
				F949C5352222D6AC002AFE5E /* UIViewController+Panel.swift */,
				F949C5362222D6AC002AFE5E /* PanelAnimator.swift */,
				F949C5372222D6AC002AFE5E /* SeparatorView.swift */,
				F949C5382222D6AC002AFE5E /* PanGestureRecognizer.swift */,
				F949C5392222D6AC002AFE5E /* Panel.swift */,
				F949C53A2222D6AC002AFE5E /* PanelTransition.swift */,
				F949C53B2222D6AC002AFE5E /* PanelView.swift */,
				F949C53C2222D6AC002AFE5E /* PanelDelegate.swift */,
				F949C53D2222D6AC002AFE5E /* PanelRepositionContext.swift */,
				F949C53E2222D6AC002AFE5E /* PanelConfiguration.swift */,
				F949C53F2222D6AC002AFE5E /* ResizeHandle.swift */,
				F949C5402222D6AC002AFE5E /* PanelConstraints.swift */,
				F949C5412222D6AC002AFE5E /* ShadowView.swift */,
				F949C5422222D6AC002AFE5E /* PanelTransitionCoordinator.swift */,
				F949C5432222D6AC002AFE5E /* UIView+RTL.swift */,
				F949C5442222D6AC002AFE5E /* ContainerView.swift */,
				F949C5452222D6AC002AFE5E /* PanelGestures.swift */,
			);
			path = Aiolos;
			sourceTree = "<group>";
		};
		F9ECF5E6221ED25F0067FC8E = {
			isa = PBXGroup;
			children = (
				F9ECF5F1221ED25F0067FC8E /* Wearvelop */,
				F9ECF5F0221ED25F0067FC8E /* Products */,
				95E8337E8A24B6265BC2C4DC /* Pods */,
				BD3F7F9AAD3458DBBB25414B /* Frameworks */,
			);
			sourceTree = "<group>";
		};
		F9ECF5F0221ED25F0067FC8E /* Products */ = {
			isa = PBXGroup;
			children = (
				F9ECF5EF221ED25F0067FC8E /* Wearvelop.app */,
			);
			name = Products;
			sourceTree = "<group>";
		};
		F9ECF5F1221ED25F0067FC8E /* Wearvelop */ = {
			isa = PBXGroup;
			children = (
				F949C5712222E2C8002AFE5E /* Podfile */,
				F9C4AA5B223D9A360035A651 /* README */,
				F9ECF60A221ED2A20067FC8E /* Sources */,
				F9ECF604221ED2A20067FC8E /* Resources */,
				F9ECF60D221ED2A20067FC8E /* Supporting */,
				F949C5322222D6AC002AFE5E /* Vendor */,
			);
			path = Wearvelop;
			sourceTree = "<group>";
		};
		F9ECF604221ED2A20067FC8E /* Resources */ = {
			isa = PBXGroup;
			children = (
				F915A9C222347DE90002C8A6 /* Exermote.mlmodel */,
				F9ECF605221ED2A20067FC8E /* Assets.xcassets */,
				F9ECF606221ED2A20067FC8E /* LaunchScreen.storyboard */,
			);
			path = Resources;
			sourceTree = "<group>";
		};
		F9ECF60A221ED2A20067FC8E /* Sources */ = {
			isa = PBXGroup;
			children = (
				F92D9A722245CDDD00EDC85C /* AppDelegate.swift */,
				F92D9A732245CDDE00EDC85C /* Application Context */,
				F92D9A812245CDDE00EDC85C /* Display Context */,
				F92D9A902245CDDE00EDC85C /* Node Context */,
				F92D9AB72245CDDE00EDC85C /* Utilities */,
			);
			path = Sources;
			sourceTree = "<group>";
		};
		F9ECF60D221ED2A20067FC8E /* Supporting */ = {
			isa = PBXGroup;
			children = (
				F9ECF60E221ED2A20067FC8E /* Info.plist */,
			);
			path = Supporting;
			sourceTree = "<group>";
		};
/* End PBXGroup section */

/* Begin PBXNativeTarget section */
		F9ECF5EE221ED25F0067FC8E /* Wearvelop */ = {
			isa = PBXNativeTarget;
			buildConfigurationList = F9ECF601221ED2600067FC8E /* Build configuration list for PBXNativeTarget "Wearvelop" */;
			buildPhases = (
				8DB59D8F9CABAB1E38E9B2F9 /* [CP] Check Pods Manifest.lock */,
				F9ECF5EB221ED25F0067FC8E /* Sources */,
				F9ECF5EC221ED25F0067FC8E /* Frameworks */,
				F9ECF5ED221ED25F0067FC8E /* Resources */,
				812865824B12FD5329B0D3CB /* [CP] Embed Pods Frameworks */,
			);
			buildRules = (
			);
			dependencies = (
			);
			name = Wearvelop;
			productName = Wearvelop;
			productReference = F9ECF5EF221ED25F0067FC8E /* Wearvelop.app */;
			productType = "com.apple.product-type.application";
		};
/* End PBXNativeTarget section */

/* Begin PBXProject section */
		F9ECF5E7221ED25F0067FC8E /* Project object */ = {
			isa = PBXProject;
			attributes = {
				LastSwiftUpdateCheck = 1010;
				LastUpgradeCheck = 1010;
				ORGANIZATIONNAME = "Philip Kluz";
				TargetAttributes = {
					F9ECF5EE221ED25F0067FC8E = {
						CreatedOnToolsVersion = 10.1;
					};
				};
			};
			buildConfigurationList = F9ECF5EA221ED25F0067FC8E /* Build configuration list for PBXProject "Wearvelop" */;
			compatibilityVersion = "Xcode 9.3";
			developmentRegion = en;
			hasScannedForEncodings = 0;
			knownRegions = (
				en,
				Base,
			);
			mainGroup = F9ECF5E6221ED25F0067FC8E;
			productRefGroup = F9ECF5F0221ED25F0067FC8E /* Products */;
			projectDirPath = "";
			projectRoot = "";
			targets = (
				F9ECF5EE221ED25F0067FC8E /* Wearvelop */,
			);
		};
/* End PBXProject section */

/* Begin PBXResourcesBuildPhase section */
		F9ECF5ED221ED25F0067FC8E /* Resources */ = {
			isa = PBXResourcesBuildPhase;
			buildActionMask = 2147483647;
			files = (
				F9C4AA5C223D9A360035A651 /* README in Resources */,
				F949C5722222E2C8002AFE5E /* Podfile in Resources */,
				F92D9ACA2245CDDE00EDC85C /* NodeTableViewCell.xib in Resources */,
				F9ECF60F221ED2A20067FC8E /* Assets.xcassets in Resources */,
				F9ECF610221ED2A20067FC8E /* LaunchScreen.storyboard in Resources */,
			);
			runOnlyForDeploymentPostprocessing = 0;
		};
/* End PBXResourcesBuildPhase section */

/* Begin PBXShellScriptBuildPhase section */
		812865824B12FD5329B0D3CB /* [CP] Embed Pods Frameworks */ = {
			isa = PBXShellScriptBuildPhase;
			buildActionMask = 2147483647;
			files = (
			);
			inputFileListPaths = (
			);
			inputPaths = (
				"${PODS_ROOT}/Target Support Files/Pods-Wearvelop/Pods-Wearvelop-frameworks.sh",
				"${BUILT_PRODUCTS_DIR}/AAInfographics/AAInfographics.framework",
				"${BUILT_PRODUCTS_DIR}/CocoaAsyncSocket/CocoaAsyncSocket.framework",
				"${BUILT_PRODUCTS_DIR}/DateToolsSwift/DateToolsSwift.framework",
				"${BUILT_PRODUCTS_DIR}/PKJSONSocket/PKJSONSocket.framework",
				"${BUILT_PRODUCTS_DIR}/Parchment/Parchment.framework",
			);
			name = "[CP] Embed Pods Frameworks";
			outputFileListPaths = (
			);
			outputPaths = (
				"${TARGET_BUILD_DIR}/${FRAMEWORKS_FOLDER_PATH}/AAInfographics.framework",
				"${TARGET_BUILD_DIR}/${FRAMEWORKS_FOLDER_PATH}/CocoaAsyncSocket.framework",
				"${TARGET_BUILD_DIR}/${FRAMEWORKS_FOLDER_PATH}/DateToolsSwift.framework",
				"${TARGET_BUILD_DIR}/${FRAMEWORKS_FOLDER_PATH}/PKJSONSocket.framework",
				"${TARGET_BUILD_DIR}/${FRAMEWORKS_FOLDER_PATH}/Parchment.framework",
			);
			runOnlyForDeploymentPostprocessing = 0;
			shellPath = /bin/sh;
			shellScript = "\"${PODS_ROOT}/Target Support Files/Pods-Wearvelop/Pods-Wearvelop-frameworks.sh\"\n";
			showEnvVarsInLog = 0;
		};
		8DB59D8F9CABAB1E38E9B2F9 /* [CP] Check Pods Manifest.lock */ = {
			isa = PBXShellScriptBuildPhase;
			buildActionMask = 2147483647;
			files = (
			);
			inputFileListPaths = (
			);
			inputPaths = (
				"${PODS_PODFILE_DIR_PATH}/Podfile.lock",
				"${PODS_ROOT}/Manifest.lock",
			);
			name = "[CP] Check Pods Manifest.lock";
			outputFileListPaths = (
			);
			outputPaths = (
				"$(DERIVED_FILE_DIR)/Pods-Wearvelop-checkManifestLockResult.txt",
			);
			runOnlyForDeploymentPostprocessing = 0;
			shellPath = /bin/sh;
			shellScript = "diff \"${PODS_PODFILE_DIR_PATH}/Podfile.lock\" \"${PODS_ROOT}/Manifest.lock\" > /dev/null\nif [ $? != 0 ] ; then\n    # print error to STDERR\n    echo \"error: The sandbox is not in sync with the Podfile.lock. Run 'pod install' or update your CocoaPods installation.\" >&2\n    exit 1\nfi\n# This output is used by Xcode 'outputs' to avoid re-running this script phase.\necho \"SUCCESS\" > \"${SCRIPT_OUTPUT_FILE_0}\"\n";
			showEnvVarsInLog = 0;
		};
/* End PBXShellScriptBuildPhase section */

/* Begin PBXSourcesBuildPhase section */
		F9ECF5EB221ED25F0067FC8E /* Sources */ = {
			isa = PBXSourcesBuildPhase;
			buildActionMask = 2147483647;
			files = (
				F92D9AE42245CDDE00EDC85C /* HighPassFilterNode.swift in Sources */,
				F949C54F2222D6AC002AFE5E /* PanelRepositionContext.swift in Sources */,
				F949C5492222D6AC002AFE5E /* SeparatorView.swift in Sources */,
				F92D9AFC2245CDDE00EDC85C /* UITraitCollection+Convenience.swift in Sources */,
				F92D9AF12245CDDE00EDC85C /* GyroscopeNode.swift in Sources */,
				F92D9AE62245CDDE00EDC85C /* MagnetometerNode.swift in Sources */,
				F92D9B022245CDDE00EDC85C /* RipplingButton.swift in Sources */,
				F92D9AC92245CDDE00EDC85C /* NodeTableViewCell.swift in Sources */,
				F92D9ACC2245CDDE00EDC85C /* UISwitchDisplayNode.swift in Sources */,
				F92D9AF92245CDDE00EDC85C /* Node.swift in Sources */,
				F949C54E2222D6AC002AFE5E /* PanelDelegate.swift in Sources */,
				F92D9AE12245CDDE00EDC85C /* ThrottleNode.swift in Sources */,
				F92D9AC12245CDDE00EDC85C /* StorageManager.swift in Sources */,
				F92D9AE82245CDDE00EDC85C /* CombineLatestNode.swift in Sources */,
				F92D9AD02245CDDE00EDC85C /* UIViewDisplayNode.swift in Sources */,
				F92D9ADE2245CDDE00EDC85C /* ZipNode.swift in Sources */,
				F92D9B002245CDDE00EDC85C /* CGPoint+Distance.swift in Sources */,
				F92D9AF22245CDDE00EDC85C /* ChartNode.swift in Sources */,
				F92D9ACF2245CDDE00EDC85C /* ConstantDisplayNode.swift in Sources */,
				F92D9AF42245CDDE00EDC85C /* CollectionIndexNode.swift in Sources */,
				F92D9ADC2245CDDE00EDC85C /* SocketListenerNode.swift in Sources */,
				F949C5502222D6AC002AFE5E /* PanelConfiguration.swift in Sources */,
				F92D9AC42245CDDE00EDC85C /* Color.swift in Sources */,
				F92D9AE02245CDDE00EDC85C /* DebounceNode.swift in Sources */,
				F92D9B012245CDDE00EDC85C /* UIView+NibInitializers.swift in Sources */,
				F92D9AFD2245CDDE00EDC85C /* ObjectAssociation.swift in Sources */,
				F949C5462222D6AC002AFE5E /* KeyboardLayoutGuide.swift in Sources */,
				F92D9ADB2245CDDE00EDC85C /* SegmentationNode.swift in Sources */,
				F949C5552222D6AC002AFE5E /* UIView+RTL.swift in Sources */,
				F92D9AC22245CDDE00EDC85C /* Project.swift in Sources */,
				F92D9ACB2245CDDE00EDC85C /* DisplayNode.swift in Sources */,
				F949C5482222D6AC002AFE5E /* PanelAnimator.swift in Sources */,
				F92D9AD72245CDDE00EDC85C /* Link.swift in Sources */,
				F949C5572222D6AC002AFE5E /* PanelGestures.swift in Sources */,
				F92D9AD32245CDDE00EDC85C /* DisplayContext.swift in Sources */,
				F92D9AFE2245CDDE00EDC85C /* Array+Utilities.swift in Sources */,
				F92D9AD22245CDDE00EDC85C /* DisplayLink.swift in Sources */,
				F92D9AC02245CDDE00EDC85C /* AppDelegate.swift in Sources */,
				F92D9AC82245CDDE00EDC85C /* CanvasViewController.swift in Sources */,
				F949C5522222D6AC002AFE5E /* PanelConstraints.swift in Sources */,
				F92D9AEC2245CDDE00EDC85C /* ConstantNode.swift in Sources */,
				F92D9AF52245CDDE00EDC85C /* PeakDetectorNode.swift in Sources */,
				F949C54A2222D6AC002AFE5E /* PanGestureRecognizer.swift in Sources */,
				F92D9AEA2245CDDE00EDC85C /* UIViewNode.swift in Sources */,
				F949C54B2222D6AC002AFE5E /* Panel.swift in Sources */,
				F92D9AC32245CDDE00EDC85C /* NodeDescriptor.swift in Sources */,
				F92D9AF72245CDDE00EDC85C /* SocketWriterNode.swift in Sources */,
				F92D9AE22245CDDE00EDC85C /* NineAxisNode.swift in Sources */,
				F92D9AEE2245CDDE00EDC85C /* TimerNode.swift in Sources */,
				F92D9AE92245CDDE00EDC85C /* UISwitchViewNode.swift in Sources */,
				F92D9AF02245CDDE00EDC85C /* ExerciseClassifierNode.swift in Sources */,
				F92D9AC52245CDDE00EDC85C /* NodeBrowserViewController.swift in Sources */,
				F92D9AD82245CDDE00EDC85C /* Value.swift in Sources */,
				F92D9AED2245CDDE00EDC85C /* LowPassFilterNode.swift in Sources */,
				F92D9ADF2245CDDE00EDC85C /* MaximumNode.swift in Sources */,
				F92D9AD92245CDDE00EDC85C /* RingBufferNode.swift in Sources */,
				F92D9AFA2245CDDE00EDC85C /* Socket.swift in Sources */,
				F92D9AFF2245CDDE00EDC85C /* Rippling.swift in Sources */,
				F92D9AD62245CDDE00EDC85C /* UIViewValue.swift in Sources */,
				F949C5542222D6AC002AFE5E /* PanelTransitionCoordinator.swift in Sources */,
				F92D9ADA2245CDDE00EDC85C /* PrintNode.swift in Sources */,
				F92D9AEF2245CDDE00EDC85C /* CollectionKeyPathNode.swift in Sources */,
				F92D9AF62245CDDE00EDC85C /* JavaScriptNode.swift in Sources */,
				F92D9AE72245CDDE00EDC85C /* MergeNode.swift in Sources */,
				F949C5562222D6AC002AFE5E /* ContainerView.swift in Sources */,
				F92D9AEB2245CDDE00EDC85C /* RenderContextNode.swift in Sources */,
				F92D9AFB2245CDDE00EDC85C /* Constants.swift in Sources */,
				F949C5472222D6AC002AFE5E /* UIViewController+Panel.swift in Sources */,
				F92D9AC72245CDDE00EDC85C /* ProjectViewController.swift in Sources */,
				F92D9AF32245CDDE00EDC85C /* AccelerometerNode.swift in Sources */,
				F949C5532222D6AC002AFE5E /* ShadowView.swift in Sources */,
				F92D9ACD2245CDDE00EDC85C /* RenderContextDisplayNode.swift in Sources */,
				F92D9AE32245CDDE00EDC85C /* ScalarNode.swift in Sources */,
				F92D9AC62245CDDE00EDC85C /* NavigationController.swift in Sources */,
				F92D9AE52245CDDE00EDC85C /* MinimumNode.swift in Sources */,
				F92D9AD42245CDDE00EDC85C /* DisplaySocketView.swift in Sources */,
				F949C5512222D6AC002AFE5E /* ResizeHandle.swift in Sources */,
				F92D9AD52245CDDE00EDC85C /* UISwitchViewValue.swift in Sources */,
				F92D9AF82245CDDE00EDC85C /* ScalarDisplayNode.swift in Sources */,
				F915A9C322347DE90002C8A6 /* Exermote.mlmodel in Sources */,
				F92D9ADD2245CDDE00EDC85C /* BufferNode.swift in Sources */,
				F949C54C2222D6AC002AFE5E /* PanelTransition.swift in Sources */,
				F949C54D2222D6AC002AFE5E /* PanelView.swift in Sources */,
				F92D9ACE2245CDDE00EDC85C /* PrintDisplayNode.swift in Sources */,
				F92D9AD12245CDDE00EDC85C /* ChartDisplayNode.swift in Sources */,
			);
			runOnlyForDeploymentPostprocessing = 0;
		};
/* End PBXSourcesBuildPhase section */

/* Begin PBXVariantGroup section */
		F9ECF606221ED2A20067FC8E /* LaunchScreen.storyboard */ = {
			isa = PBXVariantGroup;
			children = (
				F9ECF607221ED2A20067FC8E /* Base */,
			);
			name = LaunchScreen.storyboard;
			sourceTree = "<group>";
		};
/* End PBXVariantGroup section */

/* Begin XCBuildConfiguration section */
		F9ECF5FF221ED2600067FC8E /* Debug */ = {
			isa = XCBuildConfiguration;
			buildSettings = {
				ALWAYS_SEARCH_USER_PATHS = NO;
				CLANG_ANALYZER_NONNULL = YES;
				CLANG_ANALYZER_NUMBER_OBJECT_CONVERSION = YES_AGGRESSIVE;
				CLANG_CXX_LANGUAGE_STANDARD = "gnu++14";
				CLANG_CXX_LIBRARY = "libc++";
				CLANG_ENABLE_MODULES = YES;
				CLANG_ENABLE_OBJC_ARC = YES;
				CLANG_ENABLE_OBJC_WEAK = YES;
				CLANG_WARN_BLOCK_CAPTURE_AUTORELEASING = YES;
				CLANG_WARN_BOOL_CONVERSION = YES;
				CLANG_WARN_COMMA = YES;
				CLANG_WARN_CONSTANT_CONVERSION = YES;
				CLANG_WARN_DEPRECATED_OBJC_IMPLEMENTATIONS = YES;
				CLANG_WARN_DIRECT_OBJC_ISA_USAGE = YES_ERROR;
				CLANG_WARN_DOCUMENTATION_COMMENTS = YES;
				CLANG_WARN_EMPTY_BODY = YES;
				CLANG_WARN_ENUM_CONVERSION = YES;
				CLANG_WARN_INFINITE_RECURSION = YES;
				CLANG_WARN_INT_CONVERSION = YES;
				CLANG_WARN_NON_LITERAL_NULL_CONVERSION = YES;
				CLANG_WARN_OBJC_IMPLICIT_RETAIN_SELF = YES;
				CLANG_WARN_OBJC_LITERAL_CONVERSION = YES;
				CLANG_WARN_OBJC_ROOT_CLASS = YES_ERROR;
				CLANG_WARN_RANGE_LOOP_ANALYSIS = YES;
				CLANG_WARN_STRICT_PROTOTYPES = YES;
				CLANG_WARN_SUSPICIOUS_MOVE = YES;
				CLANG_WARN_UNGUARDED_AVAILABILITY = YES_AGGRESSIVE;
				CLANG_WARN_UNREACHABLE_CODE = YES;
				CLANG_WARN__DUPLICATE_METHOD_MATCH = YES;
				CODE_SIGN_IDENTITY = "iPhone Developer";
				COPY_PHASE_STRIP = NO;
				DEBUG_INFORMATION_FORMAT = dwarf;
				ENABLE_STRICT_OBJC_MSGSEND = YES;
				ENABLE_TESTABILITY = YES;
				GCC_C_LANGUAGE_STANDARD = gnu11;
				GCC_DYNAMIC_NO_PIC = NO;
				GCC_NO_COMMON_BLOCKS = YES;
				GCC_OPTIMIZATION_LEVEL = 0;
				GCC_PREPROCESSOR_DEFINITIONS = (
					"DEBUG=1",
					"$(inherited)",
				);
				GCC_WARN_64_TO_32_BIT_CONVERSION = YES;
				GCC_WARN_ABOUT_RETURN_TYPE = YES_ERROR;
				GCC_WARN_UNDECLARED_SELECTOR = YES;
				GCC_WARN_UNINITIALIZED_AUTOS = YES_AGGRESSIVE;
				GCC_WARN_UNUSED_FUNCTION = YES;
				GCC_WARN_UNUSED_VARIABLE = YES;
				IPHONEOS_DEPLOYMENT_TARGET = 12.1;
				MTL_ENABLE_DEBUG_INFO = INCLUDE_SOURCE;
				MTL_FAST_MATH = YES;
				ONLY_ACTIVE_ARCH = YES;
				SDKROOT = iphoneos;
				SWIFT_ACTIVE_COMPILATION_CONDITIONS = DEBUG;
				SWIFT_OPTIMIZATION_LEVEL = "-Onone";
			};
			name = Debug;
		};
		F9ECF600221ED2600067FC8E /* Release */ = {
			isa = XCBuildConfiguration;
			buildSettings = {
				ALWAYS_SEARCH_USER_PATHS = NO;
				CLANG_ANALYZER_NONNULL = YES;
				CLANG_ANALYZER_NUMBER_OBJECT_CONVERSION = YES_AGGRESSIVE;
				CLANG_CXX_LANGUAGE_STANDARD = "gnu++14";
				CLANG_CXX_LIBRARY = "libc++";
				CLANG_ENABLE_MODULES = YES;
				CLANG_ENABLE_OBJC_ARC = YES;
				CLANG_ENABLE_OBJC_WEAK = YES;
				CLANG_WARN_BLOCK_CAPTURE_AUTORELEASING = YES;
				CLANG_WARN_BOOL_CONVERSION = YES;
				CLANG_WARN_COMMA = YES;
				CLANG_WARN_CONSTANT_CONVERSION = YES;
				CLANG_WARN_DEPRECATED_OBJC_IMPLEMENTATIONS = YES;
				CLANG_WARN_DIRECT_OBJC_ISA_USAGE = YES_ERROR;
				CLANG_WARN_DOCUMENTATION_COMMENTS = YES;
				CLANG_WARN_EMPTY_BODY = YES;
				CLANG_WARN_ENUM_CONVERSION = YES;
				CLANG_WARN_INFINITE_RECURSION = YES;
				CLANG_WARN_INT_CONVERSION = YES;
				CLANG_WARN_NON_LITERAL_NULL_CONVERSION = YES;
				CLANG_WARN_OBJC_IMPLICIT_RETAIN_SELF = YES;
				CLANG_WARN_OBJC_LITERAL_CONVERSION = YES;
				CLANG_WARN_OBJC_ROOT_CLASS = YES_ERROR;
				CLANG_WARN_RANGE_LOOP_ANALYSIS = YES;
				CLANG_WARN_STRICT_PROTOTYPES = YES;
				CLANG_WARN_SUSPICIOUS_MOVE = YES;
				CLANG_WARN_UNGUARDED_AVAILABILITY = YES_AGGRESSIVE;
				CLANG_WARN_UNREACHABLE_CODE = YES;
				CLANG_WARN__DUPLICATE_METHOD_MATCH = YES;
				CODE_SIGN_IDENTITY = "iPhone Developer";
				COPY_PHASE_STRIP = NO;
				DEBUG_INFORMATION_FORMAT = "dwarf-with-dsym";
				ENABLE_NS_ASSERTIONS = NO;
				ENABLE_STRICT_OBJC_MSGSEND = YES;
				GCC_C_LANGUAGE_STANDARD = gnu11;
				GCC_NO_COMMON_BLOCKS = YES;
				GCC_WARN_64_TO_32_BIT_CONVERSION = YES;
				GCC_WARN_ABOUT_RETURN_TYPE = YES_ERROR;
				GCC_WARN_UNDECLARED_SELECTOR = YES;
				GCC_WARN_UNINITIALIZED_AUTOS = YES_AGGRESSIVE;
				GCC_WARN_UNUSED_FUNCTION = YES;
				GCC_WARN_UNUSED_VARIABLE = YES;
				IPHONEOS_DEPLOYMENT_TARGET = 12.1;
				MTL_ENABLE_DEBUG_INFO = NO;
				MTL_FAST_MATH = YES;
				SDKROOT = iphoneos;
				SWIFT_COMPILATION_MODE = wholemodule;
				SWIFT_OPTIMIZATION_LEVEL = "-O";
				VALIDATE_PRODUCT = YES;
			};
			name = Release;
		};
		F9ECF602221ED2600067FC8E /* Debug */ = {
			isa = XCBuildConfiguration;
			baseConfigurationReference = 3A49045D13D2D4B92312AA49 /* Pods-Wearvelop.debug.xcconfig */;
			buildSettings = {
				ASSETCATALOG_COMPILER_APPICON_NAME = AppIcon;
				CODE_SIGN_STYLE = Automatic;
				DEVELOPMENT_TEAM = 8T2F9MTMLW;
				INFOPLIST_FILE = "$(SRCROOT)/Wearvelop/Supporting/Info.plist";
				LD_RUNPATH_SEARCH_PATHS = (
					"$(inherited)",
					"@executable_path/Frameworks",
				);
				PRODUCT_BUNDLE_IDENTIFIER = com.nsexceptional.Wearvelop;
				PRODUCT_NAME = "$(TARGET_NAME)";
				SWIFT_VERSION = 4.2;
				TARGETED_DEVICE_FAMILY = "1,2";
			};
			name = Debug;
		};
		F9ECF603221ED2600067FC8E /* Release */ = {
			isa = XCBuildConfiguration;
			baseConfigurationReference = CFD936EBB70A2A45485E9853 /* Pods-Wearvelop.release.xcconfig */;
			buildSettings = {
				ASSETCATALOG_COMPILER_APPICON_NAME = AppIcon;
				CODE_SIGN_STYLE = Automatic;
				DEVELOPMENT_TEAM = 8T2F9MTMLW;
				INFOPLIST_FILE = "$(SRCROOT)/Wearvelop/Supporting/Info.plist";
				LD_RUNPATH_SEARCH_PATHS = (
					"$(inherited)",
					"@executable_path/Frameworks",
				);
				PRODUCT_BUNDLE_IDENTIFIER = com.nsexceptional.Wearvelop;
				PRODUCT_NAME = "$(TARGET_NAME)";
				SWIFT_VERSION = 4.2;
				TARGETED_DEVICE_FAMILY = "1,2";
			};
			name = Release;
		};
/* End XCBuildConfiguration section */

/* Begin XCConfigurationList section */
		F9ECF5EA221ED25F0067FC8E /* Build configuration list for PBXProject "Wearvelop" */ = {
			isa = XCConfigurationList;
			buildConfigurations = (
				F9ECF5FF221ED2600067FC8E /* Debug */,
				F9ECF600221ED2600067FC8E /* Release */,
			);
			defaultConfigurationIsVisible = 0;
			defaultConfigurationName = Release;
		};
		F9ECF601221ED2600067FC8E /* Build configuration list for PBXNativeTarget "Wearvelop" */ = {
			isa = XCConfigurationList;
			buildConfigurations = (
				F9ECF602221ED2600067FC8E /* Debug */,
				F9ECF603221ED2600067FC8E /* Release */,
			);
			defaultConfigurationIsVisible = 0;
			defaultConfigurationName = Release;
		};
/* End XCConfigurationList section */
	};
	rootObject = F9ECF5E7221ED25F0067FC8E /* Project object */;
}
